
Microsoft Visual Studio Solution File, Format Version 12.00
# Visual Studio Version 16
VisualStudioVersion = 16.0.32228.343
MinimumVisualStudioVersion = 10.0.40219.1
Project("{FAE04EC0-301F-11D3-BF4B-00C04F79EFBC}") = "CSC132_FinalProject", "CSC132_FinalProject\CSC132_FinalProject.csproj", "{863A188C-5AAC-4E89-B71B-0142672D1FAE}"
EndProject
Project("{FAE04EC0-301F-11D3-BF4B-00C04F79EFBC}") = "Test_Final_Project", "Test_Final_Project\Test_Final_Project.csproj", "{B0EFC266-A2D4-424A-BE71-7A7E0AA44CB4}"
EndProject
Global
	GlobalSection(SolutionConfigurationPlatforms) = preSolution
		Debug|Any CPU = Debug|Any CPU
		Release|Any CPU = Release|Any CPU
	EndGlobalSection
	GlobalSection(ProjectConfigurationPlatforms) = postSolution
		{863A188C-5AAC-4E89-B71B-0142672D1FAE}.Debug|Any CPU.ActiveCfg = Debug|Any CPU
		{863A188C-5AAC-4E89-B71B-0142672D1FAE}.Debug|Any CPU.Build.0 = Debug|Any CPU
		{863A188C-5AAC-4E89-B71B-0142672D1FAE}.Release|Any CPU.ActiveCfg = Release|Any CPU
		{863A188C-5AAC-4E89-B71B-0142672D1FAE}.Release|Any CPU.Build.0 = Release|Any CPU
		{B0EFC266-A2D4-424A-BE71-7A7E0AA44CB4}.Debug|Any CPU.ActiveCfg = Debug|Any CPU
		{B0EFC266-A2D4-424A-BE71-7A7E0AA44CB4}.Debug|Any CPU.Build.0 = Debug|Any CPU
		{B0EFC266-A2D4-424A-BE71-7A7E0AA44CB4}.Release|Any CPU.ActiveCfg = Release|Any CPU
		{B0EFC266-A2D4-424A-BE71-7A7E0AA44CB4}.Release|Any CPU.Build.0 = Release|Any CPU
	EndGlobalSection
	GlobalSection(SolutionProperties) = preSolution
		HideSolutionNode = FALSE
	EndGlobalSection
	GlobalSection(ExtensibilityGlobals) = postSolution
		SolutionGuid = {CB6A115B-EC79-4123-8AC9-BB492A3CD384}
	EndGlobalSection
EndGlobal
